
Microsoft Visual Studio Solution File, Format Version 11.00
# Visual Studio 2010
Project("{FAE04EC0-301F-11D3-BF4B-00C04F79EFBC}") = "ConfReboot", "ConfReboot\ConfReboot.csproj", "{483C7258-A070-449E-AF40-E8D21C09EDED}"
EndProject
Project("{FAE04EC0-301F-11D3-BF4B-00C04F79EFBC}") = "ConfReboot.Specs", "ConfReboot.Specs\ConfReboot.Specs.csproj", "{A4A536AB-B021-4EC7-BCE7-CEBC685AC3F4}"
EndProject
Project("{2150E333-8FDC-42A3-9474-1A3956D46DE8}") = "Solution Items", "Solution Items", "{66261931-CA3D-4879-8314-DA02C1F9F190}"
	ProjectSection(SolutionItems) = preProject
		ConfReboot.vsmdi = ConfReboot.vsmdi
		Local.testsettings = Local.testsettings
		TraceAndTestImpact.testsettings = TraceAndTestImpact.testsettings
	EndProjectSection
EndProject
Global
	GlobalSection(TestCaseManagementSettings) = postSolution
		CategoryFile = ConfReboot.vsmdi
	EndGlobalSection
	GlobalSection(SolutionConfigurationPlatforms) = preSolution
		Debug|Any CPU = Debug|Any CPU
		Release|Any CPU = Release|Any CPU
	EndGlobalSection
	GlobalSection(ProjectConfigurationPlatforms) = postSolution
		{483C7258-A070-449E-AF40-E8D21C09EDED}.Debug|Any CPU.ActiveCfg = Debug|Any CPU
		{483C7258-A070-449E-AF40-E8D21C09EDED}.Debug|Any CPU.Build.0 = Debug|Any CPU
		{483C7258-A070-449E-AF40-E8D21C09EDED}.Release|Any CPU.ActiveCfg = Release|Any CPU
		{483C7258-A070-449E-AF40-E8D21C09EDED}.Release|Any CPU.Build.0 = Release|Any CPU
		{A4A536AB-B021-4EC7-BCE7-CEBC685AC3F4}.Debug|Any CPU.ActiveCfg = Debug|Any CPU
		{A4A536AB-B021-4EC7-BCE7-CEBC685AC3F4}.Debug|Any CPU.Build.0 = Debug|Any CPU
		{A4A536AB-B021-4EC7-BCE7-CEBC685AC3F4}.Release|Any CPU.ActiveCfg = Release|Any CPU
		{A4A536AB-B021-4EC7-BCE7-CEBC685AC3F4}.Release|Any CPU.Build.0 = Release|Any CPU
	EndGlobalSection
	GlobalSection(SolutionProperties) = preSolution
		HideSolutionNode = FALSE
	EndGlobalSection
EndGlobal
